
Microsoft Visual Studio Solution File, Format Version 12.00
# Visual Studio 2012
Project("{FAE04EC0-301F-11D3-BF4B-00C04F79EFBC}") = "PhotoSchedule", "PhotoSchedule\PhotoSchedule.csproj", "{802156C5-5CFE-49EE-B4CE-9FAA9A3C4EB1}"
EndProject
Global
	GlobalSection(SolutionConfigurationPlatforms) = preSolution
		Debug|Any CPU = Debug|Any CPU
		Release|Any CPU = Release|Any CPU
	EndGlobalSection
	GlobalSection(ProjectConfigurationPlatforms) = postSolution
		{802156C5-5CFE-49EE-B4CE-9FAA9A3C4EB1}.Debug|Any CPU.ActiveCfg = Debug|Any CPU
		{802156C5-5CFE-49EE-B4CE-9FAA9A3C4EB1}.Debug|Any CPU.Build.0 = Debug|Any CPU
		{802156C5-5CFE-49EE-B4CE-9FAA9A3C4EB1}.Release|Any CPU.ActiveCfg = Release|Any CPU
		{802156C5-5CFE-49EE-B4CE-9FAA9A3C4EB1}.Release|Any CPU.Build.0 = Release|Any CPU
	EndGlobalSection
	GlobalSection(MonoDevelopProperties) = preSolution
		StartupItem = PhotoSchedule\PhotoSchedule.csproj
	EndGlobalSection
EndGlobal
